{
  "name": "vscode-schema-dot-org",
  "version": "2.0.3",
  "lockfileVersion": 1,
  "requires": true,
  "dependencies": {
    "@austinleegordon/iso-4217": {
      "version": "1.0.1",
      "resolved": "https://registry.npmjs.org/@austinleegordon/iso-4217/-/iso-4217-1.0.1.tgz",
      "integrity": "sha512-R9P62UgKaxlKd2oA1yo1xa5ID0uySDW8RGyoe0Eni6wqoc/hi4JiJ0iiB0GPvSGpd0odf11x1PZpWLCHt9iilg==",
      "dev": true
    },
    "bluebird": {
      "version": "3.5.3",
      "resolved": "https://registry.npmjs.org/bluebird/-/bluebird-3.5.3.tgz",
      "integrity": "sha512-/qKPUQlaW1OyR51WeCPBvRnAlnZFUJkCSG5HzGnuIqhgyJtF+T94lFnn33eiazjRm2LAHVy2guNnaq48X9SJuw==",
      "dev": true
    },
    "i18n-iso-countries": {
      "version": "3.7.8",
      "resolved": "https://registry.npmjs.org/i18n-iso-countries/-/i18n-iso-countries-3.7.8.tgz",
      "integrity": "sha512-NkT3lRiw7D4kKtSAVjVdHCvGlc2UOe0ALKa9IfEx0LkEDf0q3YgjP/veVk0d/OZ7yqUNzV8aJP4lJc6RPj++Gw==",
      "dev": true
    }
  }
}
